
Microsoft Visual Studio Solution File, Format Version 12.00
# Visual Studio Version 16
VisualStudioVersion = 16.0.32002.261
MinimumVisualStudioVersion = 10.0.40219.1
Project("{FAE04EC0-301F-11D3-BF4B-00C04F79EFBC}") = "M3Task81", "M3Task81.csproj", "{FA80FC97-0CD4-46E4-9DCD-DC46918C6C4A}"
EndProject
Global
	GlobalSection(SolutionConfigurationPlatforms) = preSolution
		Debug|Any CPU = Debug|Any CPU
		Release|Any CPU = Release|Any CPU
	EndGlobalSection
	GlobalSection(ProjectConfigurationPlatforms) = postSolution
		{FA80FC97-0CD4-46E4-9DCD-DC46918C6C4A}.Debug|Any CPU.ActiveCfg = Debug|Any CPU
		{FA80FC97-0CD4-46E4-9DCD-DC46918C6C4A}.Debug|Any CPU.Build.0 = Debug|Any CPU
		{FA80FC97-0CD4-46E4-9DCD-DC46918C6C4A}.Release|Any CPU.ActiveCfg = Release|Any CPU
		{FA80FC97-0CD4-46E4-9DCD-DC46918C6C4A}.Release|Any CPU.Build.0 = Release|Any CPU
	EndGlobalSection
	GlobalSection(SolutionProperties) = preSolution
		HideSolutionNode = FALSE
	EndGlobalSection
	GlobalSection(ExtensibilityGlobals) = postSolution
		SolutionGuid = {EBE7946F-7D31-4225-B863-042703247119}
	EndGlobalSection
EndGlobal
